// !$*UTF8*$!
{
	archiveVersion = 1;
	classes = {
	};
	objectVersion = 77;
	objects = {

/* Begin PBXBuildFile section */
		3C0DC9C42F6D1E1D00CF55FD /* AppDelegate.swift in Sources */ = {isa = PBXBuildFile; fileRef = 3C0DC9C32F6D1E1D00CF55FD /* AppDelegate.swift */; };
		3C0DC9C82F6D1E1D00CF55FD /* Main.html in Resources */ = {isa = PBXBuildFile; fileRef = 3C0DC9C62F6D1E1D00CF55FD /* Main.html */; };
		3C0DC9CA2F6D1E1D00CF55FD /* Icon.png in Resources */ = {isa = PBXBuildFile; fileRef = 3C0DC9C92F6D1E1D00CF55FD /* Icon.png */; };
		3C0DC9CC2F6D1E1D00CF55FD /* Style.css in Resources */ = {isa = PBXBuildFile; fileRef = 3C0DC9CB2F6D1E1D00CF55FD /* Style.css */; };
		3C0DC9CE2F6D1E1D00CF55FD /* Script.js in Resources */ = {isa = PBXBuildFile; fileRef = 3C0DC9CD2F6D1E1D00CF55FD /* Script.js */; };
		3C0DC9D02F6D1E1D00CF55FD /* ViewController.swift in Sources */ = {isa = PBXBuildFile; fileRef = 3C0DC9CF2F6D1E1D00CF55FD /* ViewController.swift */; };
		3C0DC9D32F6D1E1D00CF55FD /* Main.storyboard in Resources */ = {isa = PBXBuildFile; fileRef = 3C0DC9D12F6D1E1D00CF55FD /* Main.storyboard */; };
		3C0DC9D52F6D1E1E00CF55FD /* Assets.xcassets in Resources */ = {isa = PBXBuildFile; fileRef = 3C0DC9D42F6D1E1E00CF55FD /* Assets.xcassets */; };
		3C0DC9DC2F6D1E1E00CF55FD /* Skill Hunter Extension.appex in Embed Foundation Extensions */ = {isa = PBXBuildFile; fileRef = 3C0DC9DB2F6D1E1E00CF55FD /* Skill Hunter Extension.appex */; settings = {ATTRIBUTES = (RemoveHeadersOnCopy, ); }; };
		3C0DC9E12F6D1E1E00CF55FD /* SafariWebExtensionHandler.swift in Sources */ = {isa = PBXBuildFile; fileRef = 3C0DC9E02F6D1E1E00CF55FD /* SafariWebExtensionHandler.swift */; };
		3C0DC9F82F6D1E1E00CF55FD /* REFERENCE.md in Resources */ = {isa = PBXBuildFile; fileRef = 3C0DC9ED2F6D1E1E00CF55FD /* REFERENCE.md */; };
		3C0DC9F92F6D1E1E00CF55FD /* types in Resources */ = {isa = PBXBuildFile; fileRef = 3C0DC9EE2F6D1E1E00CF55FD /* types */; };
		3C0DC9FA2F6D1E1E00CF55FD /* core in Resources */ = {isa = PBXBuildFile; fileRef = 3C0DC9EF2F6D1E1E00CF55FD /* core */; };
		3C0DC9FB2F6D1E1E00CF55FD /* popup.html in Resources */ = {isa = PBXBuildFile; fileRef = 3C0DC9F02F6D1E1E00CF55FD /* popup.html */; };
		3C0DC9FC2F6D1E1E00CF55FD /* utils in Resources */ = {isa = PBXBuildFile; fileRef = 3C0DC9F22F6D1E1E00CF55FD /* utils */; };
		3C0DC9FD2F6D1E1E00CF55FD /* styles in Resources */ = {isa = PBXBuildFile; fileRef = 3C0DC9F42F6D1E1E00CF55FD /* styles */; };
		3C0DC9FE2F6D1E1E00CF55FD /* NAPKIN.md in Resources */ = {isa = PBXBuildFile; fileRef = 3C0DC9F52F6D1E1E00CF55FD /* NAPKIN.md */; };
		3C0DC9FF2F6D1E1E00CF55FD /* local_asset in Resources */ = {isa = PBXBuildFile; fileRef = 3C0DC9F62F6D1E1E00CF55FD /* local_asset */; };
		3C0DCA002F6D1E1E00CF55FD /* manifest.json in Resources */ = {isa = PBXBuildFile; fileRef = 3C0DC9F72F6D1E1E00CF55FD /* manifest.json */; };
/* End PBXBuildFile section */

/* Begin PBXContainerItemProxy section */
		3C0DC9DD2F6D1E1E00CF55FD /* PBXContainerItemProxy */ = {
			isa = PBXContainerItemProxy;
			containerPortal = 3C0DC9B82F6D1E1D00CF55FD /* Project object */;
			proxyType = 1;
			remoteGlobalIDString = 3C0DC9DA2F6D1E1E00CF55FD;
			remoteInfo = "Skill Hunter Extension";
		};
/* End PBXContainerItemProxy section */

/* Begin PBXCopyFilesBuildPhase section */
		3C0DC9E82F6D1E1E00CF55FD /* Embed Foundation Extensions */ = {
			isa = PBXCopyFilesBuildPhase;
			buildActionMask = 2147483647;
			dstPath = "";
			dstSubfolderSpec = 13;
			files = (
				3C0DC9DC2F6D1E1E00CF55FD /* Skill Hunter Extension.appex in Embed Foundation Extensions */,
			);
			name = "Embed Foundation Extensions";
			runOnlyForDeploymentPostprocessing = 0;
		};
/* End PBXCopyFilesBuildPhase section */

/* Begin PBXFileReference section */
		3C0DC9C02F6D1E1D00CF55FD /* Skill Hunter.app */ = {isa = PBXFileReference; explicitFileType = wrapper.application; includeInIndex = 0; path = "Skill Hunter.app"; sourceTree = BUILT_PRODUCTS_DIR; };
		3C0DC9C32F6D1E1D00CF55FD /* AppDelegate.swift */ = {isa = PBXFileReference; lastKnownFileType = sourcecode.swift; path = AppDelegate.swift; sourceTree = "<group>"; };
		3C0DC9C72F6D1E1D00CF55FD /* Base */ = {isa = PBXFileReference; lastKnownFileType = text.html; name = Base; path = Base.lproj/Main.html; sourceTree = "<group>"; };
		3C0DC9C92F6D1E1D00CF55FD /* Icon.png */ = {isa = PBXFileReference; lastKnownFileType = image.png; path = Icon.png; sourceTree = "<group>"; };
		3C0DC9CB2F6D1E1D00CF55FD /* Style.css */ = {isa = PBXFileReference; lastKnownFileType = text.css; path = Style.css; sourceTree = "<group>"; };
		3C0DC9CD2F6D1E1D00CF55FD /* Script.js */ = {isa = PBXFileReference; lastKnownFileType = sourcecode.javascript; path = Script.js; sourceTree = "<group>"; };
		3C0DC9CF2F6D1E1D00CF55FD /* ViewController.swift */ = {isa = PBXFileReference; lastKnownFileType = sourcecode.swift; path = ViewController.swift; sourceTree = "<group>"; };
		3C0DC9D22F6D1E1D00CF55FD /* Base */ = {isa = PBXFileReference; lastKnownFileType = file.storyboard; name = Base; path = Base.lproj/Main.storyboard; sourceTree = "<group>"; };
		3C0DC9D42F6D1E1E00CF55FD /* Assets.xcassets */ = {isa = PBXFileReference; lastKnownFileType = folder.assetcatalog; path = Assets.xcassets; sourceTree = "<group>"; };
		3C0DC9D62F6D1E1E00CF55FD /* Info.plist */ = {isa = PBXFileReference; lastKnownFileType = text.plist.xml; path = Info.plist; sourceTree = "<group>"; };
		3C0DC9DB2F6D1E1E00CF55FD /* Skill Hunter Extension.appex */ = {isa = PBXFileReference; explicitFileType = "wrapper.app-extension"; includeInIndex = 0; path = "Skill Hunter Extension.appex"; sourceTree = BUILT_PRODUCTS_DIR; };
		3C0DC9E02F6D1E1E00CF55FD /* SafariWebExtensionHandler.swift */ = {isa = PBXFileReference; lastKnownFileType = sourcecode.swift; path = SafariWebExtensionHandler.swift; sourceTree = "<group>"; };
		3C0DC9E22F6D1E1E00CF55FD /* Info.plist */ = {isa = PBXFileReference; lastKnownFileType = text.plist.xml; path = Info.plist; sourceTree = "<group>"; };
		3C0DC9ED2F6D1E1E00CF55FD /* REFERENCE.md */ = {isa = PBXFileReference; lastKnownFileType = net.daringfireball.markdown; name = REFERENCE.md; path = ../../../src/REFERENCE.md; sourceTree = "<group>"; };
		3C0DC9EE2F6D1E1E00CF55FD /* types */ = {isa = PBXFileReference; lastKnownFileType = folder; name = types; path = ../../../src/types; sourceTree = "<group>"; };
		3C0DC9EF2F6D1E1E00CF55FD /* core */ = {isa = PBXFileReference; lastKnownFileType = folder; name = core; path = ../../../src/core; sourceTree = "<group>"; };
		3C0DC9F02F6D1E1E00CF55FD /* popup.html */ = {isa = PBXFileReference; lastKnownFileType = text.html; name = popup.html; path = ../../../src/popup.html; sourceTree = "<group>"; };
		3C0DC9F12F6D1E1E00CF55FD /* content.ts */ = {isa = PBXFileReference; lastKnownFileType = sourcecode.typescript; name = content.ts; path = ../../../src/content.ts; sourceTree = "<group>"; };
		3C0DC9F22F6D1E1E00CF55FD /* utils */ = {isa = PBXFileReference; lastKnownFileType = folder; name = utils; path = ../../../src/utils; sourceTree = "<group>"; };
		3C0DC9F32F6D1E1E00CF55FD /* popup.ts */ = {isa = PBXFileReference; lastKnownFileType = sourcecode.typescript; name = popup.ts; path = ../../../src/popup.ts; sourceTree = "<group>"; };
		3C0DC9F42F6D1E1E00CF55FD /* styles */ = {isa = PBXFileReference; lastKnownFileType = folder; name = styles; path = ../../../src/styles; sourceTree = "<group>"; };
		3C0DC9F52F6D1E1E00CF55FD /* NAPKIN.md */ = {isa = PBXFileReference; lastKnownFileType = net.daringfireball.markdown; name = NAPKIN.md; path = ../../../src/NAPKIN.md; sourceTree = "<group>"; };
		3C0DC9F62F6D1E1E00CF55FD /* local_asset */ = {isa = PBXFileReference; lastKnownFileType = folder; name = local_asset; path = ../../../src/local_asset; sourceTree = "<group>"; };
		3C0DC9F72F6D1E1E00CF55FD /* manifest.json */ = {isa = PBXFileReference; lastKnownFileType = text.json; name = manifest.json; path = ../../../src/manifest.json; sourceTree = "<group>"; };
/* End PBXFileReference section */

/* Begin PBXFrameworksBuildPhase section */
		3C0DC9BD2F6D1E1D00CF55FD /* Frameworks */ = {
			isa = PBXFrameworksBuildPhase;
			buildActionMask = 2147483647;
			files = (
			);
			runOnlyForDeploymentPostprocessing = 0;
		};
		3C0DC9D82F6D1E1E00CF55FD /* Frameworks */ = {
			isa = PBXFrameworksBuildPhase;
			buildActionMask = 2147483647;
			files = (
			);
			runOnlyForDeploymentPostprocessing = 0;
		};
/* End PBXFrameworksBuildPhase section */

/* Begin PBXGroup section */
		3C0DC9B72F6D1E1D00CF55FD = {
			isa = PBXGroup;
			children = (
				3C0DC9C22F6D1E1D00CF55FD /* Skill Hunter */,
				3C0DC9DF2F6D1E1E00CF55FD /* Skill Hunter Extension */,
				3C0DC9C12F6D1E1D00CF55FD /* Products */,
			);
			sourceTree = "<group>";
		};
		3C0DC9C12F6D1E1D00CF55FD /* Products */ = {
			isa = PBXGroup;
			children = (
				3C0DC9C02F6D1E1D00CF55FD /* Skill Hunter.app */,
				3C0DC9DB2F6D1E1E00CF55FD /* Skill Hunter Extension.appex */,
			);
			name = Products;
			sourceTree = "<group>";
		};
		3C0DC9C22F6D1E1D00CF55FD /* Skill Hunter */ = {
			isa = PBXGroup;
			children = (
				3C0DC9C32F6D1E1D00CF55FD /* AppDelegate.swift */,
				3C0DC9CF2F6D1E1D00CF55FD /* ViewController.swift */,
				3C0DC9D12F6D1E1D00CF55FD /* Main.storyboard */,
				3C0DC9D42F6D1E1E00CF55FD /* Assets.xcassets */,
				3C0DC9D62F6D1E1E00CF55FD /* Info.plist */,
				3C0DC9C52F6D1E1D00CF55FD /* Resources */,
			);
			path = "Skill Hunter";
			sourceTree = "<group>";
		};
		3C0DC9C52F6D1E1D00CF55FD /* Resources */ = {
			isa = PBXGroup;
			children = (
				3C0DC9C62F6D1E1D00CF55FD /* Main.html */,
				3C0DC9C92F6D1E1D00CF55FD /* Icon.png */,
				3C0DC9CB2F6D1E1D00CF55FD /* Style.css */,
				3C0DC9CD2F6D1E1D00CF55FD /* Script.js */,
			);
			path = Resources;
			sourceTree = "<group>";
		};
		3C0DC9DF2F6D1E1E00CF55FD /* Skill Hunter Extension */ = {
			isa = PBXGroup;
			children = (
				3C0DC9EC2F6D1E1E00CF55FD /* Resources */,
				3C0DC9E02F6D1E1E00CF55FD /* SafariWebExtensionHandler.swift */,
				3C0DC9E22F6D1E1E00CF55FD /* Info.plist */,
			);
			path = "Skill Hunter Extension";
			sourceTree = "<group>";
		};
		3C0DC9EC2F6D1E1E00CF55FD /* Resources */ = {
			isa = PBXGroup;
			children = (
				3C0DC9ED2F6D1E1E00CF55FD /* REFERENCE.md */,
				3C0DC9EE2F6D1E1E00CF55FD /* types */,
				3C0DC9EF2F6D1E1E00CF55FD /* core */,
				3C0DC9F02F6D1E1E00CF55FD /* popup.html */,
				3C0DC9F12F6D1E1E00CF55FD /* content.ts */,
				3C0DC9F22F6D1E1E00CF55FD /* utils */,
				3C0DC9F32F6D1E1E00CF55FD /* popup.ts */,
				3C0DC9F42F6D1E1E00CF55FD /* styles */,
				3C0DC9F52F6D1E1E00CF55FD /* NAPKIN.md */,
				3C0DC9F62F6D1E1E00CF55FD /* local_asset */,
				3C0DC9F72F6D1E1E00CF55FD /* manifest.json */,
			);
			name = Resources;
			path = "Skill Hunter Extension";
			sourceTree = SOURCE_ROOT;
		};
/* End PBXGroup section */

/* Begin PBXNativeTarget section */
		3C0DC9BF2F6D1E1D00CF55FD /* Skill Hunter */ = {
			isa = PBXNativeTarget;
			buildConfigurationList = 3C0DC9E92F6D1E1E00CF55FD /* Build configuration list for PBXNativeTarget "Skill Hunter" */;
			buildPhases = (
				3C0DC9BC2F6D1E1D00CF55FD /* Sources */,
				3C0DC9BD2F6D1E1D00CF55FD /* Frameworks */,
				3C0DC9BE2F6D1E1D00CF55FD /* Resources */,
				3C0DC9E82F6D1E1E00CF55FD /* Embed Foundation Extensions */,
			);
			buildRules = (
			);
			dependencies = (
				3C0DC9DE2F6D1E1E00CF55FD /* PBXTargetDependency */,
			);
			name = "Skill Hunter";
			packageProductDependencies = (
			);
			productName = "Skill Hunter";
			productReference = 3C0DC9C02F6D1E1D00CF55FD /* Skill Hunter.app */;
			productType = "com.apple.product-type.application";
		};
		3C0DC9DA2F6D1E1E00CF55FD /* Skill Hunter Extension */ = {
			isa = PBXNativeTarget;
			buildConfigurationList = 3C0DC9E52F6D1E1E00CF55FD /* Build configuration list for PBXNativeTarget "Skill Hunter Extension" */;
			buildPhases = (
				3C0DC9D72F6D1E1E00CF55FD /* Sources */,
				3C0DC9D82F6D1E1E00CF55FD /* Frameworks */,
				3C0DC9D92F6D1E1E00CF55FD /* Resources */,
			);
			buildRules = (
			);
			dependencies = (
			);
			name = "Skill Hunter Extension";
			packageProductDependencies = (
			);
			productName = "Skill Hunter Extension";
			productReference = 3C0DC9DB2F6D1E1E00CF55FD /* Skill Hunter Extension.appex */;
			productType = "com.apple.product-type.app-extension";
		};
/* End PBXNativeTarget section */

/* Begin PBXProject section */
		3C0DC9B82F6D1E1D00CF55FD /* Project object */ = {
			isa = PBXProject;
			attributes = {
				BuildIndependentTargetsInParallel = 1;
				LastSwiftUpdateCheck = 2630;
				LastUpgradeCheck = 2630;
				TargetAttributes = {
					3C0DC9BF2F6D1E1D00CF55FD = {
						CreatedOnToolsVersion = 26.3;
					};
					3C0DC9DA2F6D1E1E00CF55FD = {
						CreatedOnToolsVersion = 26.3;
					};
				};
			};
			buildConfigurationList = 3C0DC9BB2F6D1E1D00CF55FD /* Build configuration list for PBXProject "Skill Hunter" */;
			developmentRegion = en;
			hasScannedForEncodings = 0;
			knownRegions = (
				en,
				Base,
			);
			mainGroup = 3C0DC9B72F6D1E1D00CF55FD;
			minimizedProjectReferenceProxies = 1;
			preferredProjectObjectVersion = 77;
			productRefGroup = 3C0DC9C12F6D1E1D00CF55FD /* Products */;
			projectDirPath = "";
			projectRoot = "";
			targets = (
				3C0DC9BF2F6D1E1D00CF55FD /* Skill Hunter */,
				3C0DC9DA2F6D1E1E00CF55FD /* Skill Hunter Extension */,
			);
		};
/* End PBXProject section */

/* Begin PBXResourcesBuildPhase section */
		3C0DC9BE2F6D1E1D00CF55FD /* Resources */ = {
			isa = PBXResourcesBuildPhase;
			buildActionMask = 2147483647;
			files = (
				3C0DC9CA2F6D1E1D00CF55FD /* Icon.png in Resources */,
				3C0DC9D32F6D1E1D00CF55FD /* Main.storyboard in Resources */,
				3C0DC9CE2F6D1E1D00CF55FD /* Script.js in Resources */,
				3C0DC9C82F6D1E1D00CF55FD /* Main.html in Resources */,
				3C0DC9D52F6D1E1E00CF55FD /* Assets.xcassets in Resources */,
				3C0DC9CC2F6D1E1D00CF55FD /* Style.css in Resources */,
			);
			runOnlyForDeploymentPostprocessing = 0;
		};
		3C0DC9D92F6D1E1E00CF55FD /* Resources */ = {
			isa = PBXResourcesBuildPhase;
			buildActionMask = 2147483647;
			files = (
				3C0DC9FE2F6D1E1E00CF55FD /* NAPKIN.md in Resources */,
				3C0DC9F92F6D1E1E00CF55FD /* types in Resources */,
				3C0DC9FB2F6D1E1E00CF55FD /* popup.html in Resources */,
				3C0DC9FA2F6D1E1E00CF55FD /* core in Resources */,
				3C0DCA002F6D1E1E00CF55FD /* manifest.json in Resources */,
				3C0DC9FC2F6D1E1E00CF55FD /* utils in Resources */,
				3C0DC9FF2F6D1E1E00CF55FD /* local_asset in Resources */,
				3C0DC9FD2F6D1E1E00CF55FD /* styles in Resources */,
				3C0DC9F82F6D1E1E00CF55FD /* REFERENCE.md in Resources */,
			);
			runOnlyForDeploymentPostprocessing = 0;
		};
/* End PBXResourcesBuildPhase section */

/* Begin PBXSourcesBuildPhase section */
		3C0DC9BC2F6D1E1D00CF55FD /* Sources */ = {
			isa = PBXSourcesBuildPhase;
			buildActionMask = 2147483647;
			files = (
				3C0DC9D02F6D1E1D00CF55FD /* ViewController.swift in Sources */,
				3C0DC9C42F6D1E1D00CF55FD /* AppDelegate.swift in Sources */,
			);
			runOnlyForDeploymentPostprocessing = 0;
		};
		3C0DC9D72F6D1E1E00CF55FD /* Sources */ = {
			isa = PBXSourcesBuildPhase;
			buildActionMask = 2147483647;
			files = (
				3C0DC9E12F6D1E1E00CF55FD /* SafariWebExtensionHandler.swift in Sources */,
			);
			runOnlyForDeploymentPostprocessing = 0;
		};
/* End PBXSourcesBuildPhase section */

/* Begin PBXTargetDependency section */
		3C0DC9DE2F6D1E1E00CF55FD /* PBXTargetDependency */ = {
			isa = PBXTargetDependency;
			target = 3C0DC9DA2F6D1E1E00CF55FD /* Skill Hunter Extension */;
			targetProxy = 3C0DC9DD2F6D1E1E00CF55FD /* PBXContainerItemProxy */;
		};
/* End PBXTargetDependency section */

/* Begin PBXVariantGroup section */
		3C0DC9C62F6D1E1D00CF55FD /* Main.html */ = {
			isa = PBXVariantGroup;
			children = (
				3C0DC9C72F6D1E1D00CF55FD /* Base */,
			);
			name = Main.html;
			sourceTree = "<group>";
		};
		3C0DC9D12F6D1E1D00CF55FD /* Main.storyboard */ = {
			isa = PBXVariantGroup;
			children = (
				3C0DC9D22F6D1E1D00CF55FD /* Base */,
			);
			name = Main.storyboard;
			sourceTree = "<group>";
		};
/* End PBXVariantGroup section */

/* Begin XCBuildConfiguration section */
		3C0DC9E32F6D1E1E00CF55FD /* Debug */ = {
			isa = XCBuildConfiguration;
			buildSettings = {
				ALWAYS_SEARCH_USER_PATHS = NO;
				ASSETCATALOG_COMPILER_GENERATE_SWIFT_ASSET_SYMBOL_EXTENSIONS = YES;
				CLANG_ANALYZER_NONNULL = YES;
				CLANG_ANALYZER_NUMBER_OBJECT_CONVERSION = YES_AGGRESSIVE;
				CLANG_CXX_LANGUAGE_STANDARD = "gnu++20";
				CLANG_ENABLE_MODULES = YES;
				CLANG_ENABLE_OBJC_ARC = YES;
				CLANG_ENABLE_OBJC_WEAK = YES;
				CLANG_WARN_BLOCK_CAPTURE_AUTORELEASING = YES;
				CLANG_WARN_BOOL_CONVERSION = YES;
				CLANG_WARN_COMMA = YES;
				CLANG_WARN_CONSTANT_CONVERSION = YES;
				CLANG_WARN_DEPRECATED_OBJC_IMPLEMENTATIONS = YES;
				CLANG_WARN_DIRECT_OBJC_ISA_USAGE = YES_ERROR;
				CLANG_WARN_DOCUMENTATION_COMMENTS = YES;
				CLANG_WARN_EMPTY_BODY = YES;
				CLANG_WARN_ENUM_CONVERSION = YES;
				CLANG_WARN_INFINITE_RECURSION = YES;
				CLANG_WARN_INT_CONVERSION = YES;
				CLANG_WARN_NON_LITERAL_NULL_CONVERSION = YES;
				CLANG_WARN_OBJC_IMPLICIT_RETAIN_SELF = YES;
				CLANG_WARN_OBJC_LITERAL_CONVERSION = YES;
				CLANG_WARN_OBJC_ROOT_CLASS = YES_ERROR;
				CLANG_WARN_QUOTED_INCLUDE_IN_FRAMEWORK_HEADER = YES;
				CLANG_WARN_RANGE_LOOP_ANALYSIS = YES;
				CLANG_WARN_STRICT_PROTOTYPES = YES;
				CLANG_WARN_SUSPICIOUS_MOVE = YES;
				CLANG_WARN_UNGUARDED_AVAILABILITY = YES_AGGRESSIVE;
				CLANG_WARN_UNREACHABLE_CODE = YES;
				CLANG_WARN__DUPLICATE_METHOD_MATCH = YES;
				COPY_PHASE_STRIP = NO;
				DEBUG_INFORMATION_FORMAT = dwarf;
				ENABLE_STRICT_OBJC_MSGSEND = YES;
				ENABLE_TESTABILITY = YES;
				ENABLE_USER_SCRIPT_SANDBOXING = YES;
				GCC_C_LANGUAGE_STANDARD = gnu17;
				GCC_DYNAMIC_NO_PIC = NO;
				GCC_NO_COMMON_BLOCKS = YES;
				GCC_OPTIMIZATION_LEVEL = 0;
				GCC_PREPROCESSOR_DEFINITIONS = (
					"DEBUG=1",
					"$(inherited)",
				);
				GCC_WARN_64_TO_32_BIT_CONVERSION = YES;
				GCC_WARN_ABOUT_RETURN_TYPE = YES_ERROR;
				GCC_WARN_UNDECLARED_SELECTOR = YES;
				GCC_WARN_UNINITIALIZED_AUTOS = YES_AGGRESSIVE;
				GCC_WARN_UNUSED_FUNCTION = YES;
				GCC_WARN_UNUSED_VARIABLE = YES;
				LOCALIZATION_PREFERS_STRING_CATALOGS = YES;
				MACOSX_DEPLOYMENT_TARGET = 26.2;
				MTL_ENABLE_DEBUG_INFO = INCLUDE_SOURCE;
				MTL_FAST_MATH = YES;
				ONLY_ACTIVE_ARCH = YES;
				SDKROOT = macosx;
				SWIFT_ACTIVE_COMPILATION_CONDITIONS = "DEBUG $(inherited)";
				SWIFT_OPTIMIZATION_LEVEL = "-Onone";
			};
			name = Debug;
		};
		3C0DC9E42F6D1E1E00CF55FD /* Release */ = {
			isa = XCBuildConfiguration;
			buildSettings = {
				ALWAYS_SEARCH_USER_PATHS = NO;
				ASSETCATALOG_COMPILER_GENERATE_SWIFT_ASSET_SYMBOL_EXTENSIONS = YES;
				CLANG_ANALYZER_NONNULL = YES;
				CLANG_ANALYZER_NUMBER_OBJECT_CONVERSION = YES_AGGRESSIVE;
				CLANG_CXX_LANGUAGE_STANDARD = "gnu++20";
				CLANG_ENABLE_MODULES = YES;
				CLANG_ENABLE_OBJC_ARC = YES;
				CLANG_ENABLE_OBJC_WEAK = YES;
				CLANG_WARN_BLOCK_CAPTURE_AUTORELEASING = YES;
				CLANG_WARN_BOOL_CONVERSION = YES;
				CLANG_WARN_COMMA = YES;
				CLANG_WARN_CONSTANT_CONVERSION = YES;
				CLANG_WARN_DEPRECATED_OBJC_IMPLEMENTATIONS = YES;
				CLANG_WARN_DIRECT_OBJC_ISA_USAGE = YES_ERROR;
				CLANG_WARN_DOCUMENTATION_COMMENTS = YES;
				CLANG_WARN_EMPTY_BODY = YES;
				CLANG_WARN_ENUM_CONVERSION = YES;
				CLANG_WARN_INFINITE_RECURSION = YES;
				CLANG_WARN_INT_CONVERSION = YES;
				CLANG_WARN_NON_LITERAL_NULL_CONVERSION = YES;
				CLANG_WARN_OBJC_IMPLICIT_RETAIN_SELF = YES;
				CLANG_WARN_OBJC_LITERAL_CONVERSION = YES;
				CLANG_WARN_OBJC_ROOT_CLASS = YES_ERROR;
				CLANG_WARN_QUOTED_INCLUDE_IN_FRAMEWORK_HEADER = YES;
				CLANG_WARN_RANGE_LOOP_ANALYSIS = YES;
				CLANG_WARN_STRICT_PROTOTYPES = YES;
				CLANG_WARN_SUSPICIOUS_MOVE = YES;
				CLANG_WARN_UNGUARDED_AVAILABILITY = YES_AGGRESSIVE;
				CLANG_WARN_UNREACHABLE_CODE = YES;
				CLANG_WARN__DUPLICATE_METHOD_MATCH = YES;
				COPY_PHASE_STRIP = NO;
				DEBUG_INFORMATION_FORMAT = "dwarf-with-dsym";
				ENABLE_NS_ASSERTIONS = NO;
				ENABLE_STRICT_OBJC_MSGSEND = YES;
				ENABLE_USER_SCRIPT_SANDBOXING = YES;
				GCC_C_LANGUAGE_STANDARD = gnu17;
				GCC_NO_COMMON_BLOCKS = YES;
				GCC_WARN_64_TO_32_BIT_CONVERSION = YES;
				GCC_WARN_ABOUT_RETURN_TYPE = YES_ERROR;
				GCC_WARN_UNDECLARED_SELECTOR = YES;
				GCC_WARN_UNINITIALIZED_AUTOS = YES_AGGRESSIVE;
				GCC_WARN_UNUSED_FUNCTION = YES;
				GCC_WARN_UNUSED_VARIABLE = YES;
				LOCALIZATION_PREFERS_STRING_CATALOGS = YES;
				MACOSX_DEPLOYMENT_TARGET = 26.2;
				MTL_ENABLE_DEBUG_INFO = NO;
				MTL_FAST_MATH = YES;
				SDKROOT = macosx;
				SWIFT_COMPILATION_MODE = wholemodule;
			};
			name = Release;
		};
		3C0DC9E62F6D1E1E00CF55FD /* Debug */ = {
			isa = XCBuildConfiguration;
			buildSettings = {
				CODE_SIGN_STYLE = Automatic;
				CURRENT_PROJECT_VERSION = 2;
				ENABLE_APP_SANDBOX = YES;
				ENABLE_HARDENED_RUNTIME = YES;
				GENERATE_INFOPLIST_FILE = YES;
				INFOPLIST_FILE = "Skill Hunter Extension/Info.plist";
				INFOPLIST_KEY_CFBundleDisplayName = "Skill Hunter Extension";
				INFOPLIST_KEY_NSHumanReadableCopyright = "";
				LD_RUNPATH_SEARCH_PATHS = (
					"$(inherited)",
					"@executable_path/../Frameworks",
					"@executable_path/../../../../Frameworks",
				);
				MACOSX_DEPLOYMENT_TARGET = 10.14;
				MARKETING_VERSION = 2.0.0;
				OTHER_LDFLAGS = (
					"-framework",
					SafariServices,
				);
				PRODUCT_BUNDLE_IDENTIFIER = dev.gongahkia.skillhunter.extension;
				PRODUCT_NAME = "$(TARGET_NAME)";
				SKIP_INSTALL = YES;
				STRING_CATALOG_GENERATE_SYMBOLS = YES;
				SWIFT_APPROACHABLE_CONCURRENCY = YES;
				SWIFT_EMIT_LOC_STRINGS = YES;
				SWIFT_UPCOMING_FEATURE_MEMBER_IMPORT_VISIBILITY = YES;
				SWIFT_VERSION = 5.0;
			};
			name = Debug;
		};
		3C0DC9E72F6D1E1E00CF55FD /* Release */ = {
			isa = XCBuildConfiguration;
			buildSettings = {
				CODE_SIGN_STYLE = Automatic;
				CURRENT_PROJECT_VERSION = 2;
				ENABLE_APP_SANDBOX = YES;
				ENABLE_HARDENED_RUNTIME = YES;
				GENERATE_INFOPLIST_FILE = YES;
				INFOPLIST_FILE = "Skill Hunter Extension/Info.plist";
				INFOPLIST_KEY_CFBundleDisplayName = "Skill Hunter Extension";
				INFOPLIST_KEY_NSHumanReadableCopyright = "";
				LD_RUNPATH_SEARCH_PATHS = (
					"$(inherited)",
					"@executable_path/../Frameworks",
					"@executable_path/../../../../Frameworks",
				);
				MACOSX_DEPLOYMENT_TARGET = 10.14;
				MARKETING_VERSION = 2.0.0;
				OTHER_LDFLAGS = (
					"-framework",
					SafariServices,
				);
				PRODUCT_BUNDLE_IDENTIFIER = dev.gongahkia.skillhunter.extension;
				PRODUCT_NAME = "$(TARGET_NAME)";
				SKIP_INSTALL = YES;
				STRING_CATALOG_GENERATE_SYMBOLS = YES;
				SWIFT_APPROACHABLE_CONCURRENCY = YES;
				SWIFT_EMIT_LOC_STRINGS = YES;
				SWIFT_UPCOMING_FEATURE_MEMBER_IMPORT_VISIBILITY = YES;
				SWIFT_VERSION = 5.0;
			};
			name = Release;
		};
		3C0DC9EA2F6D1E1E00CF55FD /* Debug */ = {
			isa = XCBuildConfiguration;
			buildSettings = {
				ASSETCATALOG_COMPILER_APPICON_NAME = AppIcon;
				ASSETCATALOG_COMPILER_GLOBAL_ACCENT_COLOR_NAME = AccentColor;
				CODE_SIGN_STYLE = Automatic;
				COMBINE_HIDPI_IMAGES = YES;
				CURRENT_PROJECT_VERSION = 2;
				ENABLE_APP_SANDBOX = YES;
				ENABLE_HARDENED_RUNTIME = YES;
				GENERATE_INFOPLIST_FILE = YES;
				INFOPLIST_FILE = "Skill Hunter/Info.plist";
				INFOPLIST_KEY_CFBundleDisplayName = "Skill Hunter";
				INFOPLIST_KEY_NSHumanReadableCopyright = "";
				INFOPLIST_KEY_NSMainStoryboardFile = Main;
				INFOPLIST_KEY_NSPrincipalClass = NSApplication;
				LD_RUNPATH_SEARCH_PATHS = (
					"$(inherited)",
					"@executable_path/../Frameworks",
				);
				MARKETING_VERSION = 2.0.0;
				OTHER_LDFLAGS = (
					"-framework",
					SafariServices,
					"-framework",
					WebKit,
				);
				PRODUCT_BUNDLE_IDENTIFIER = dev.gongahkia.skillhunter;
				PRODUCT_NAME = "$(TARGET_NAME)";
				STRING_CATALOG_GENERATE_SYMBOLS = YES;
				SWIFT_APPROACHABLE_CONCURRENCY = YES;
				SWIFT_DEFAULT_ACTOR_ISOLATION = MainActor;
				SWIFT_EMIT_LOC_STRINGS = YES;
				SWIFT_UPCOMING_FEATURE_MEMBER_IMPORT_VISIBILITY = YES;
				SWIFT_VERSION = 5.0;
			};
			name = Debug;
		};
		3C0DC9EB2F6D1E1E00CF55FD /* Release */ = {
			isa = XCBuildConfiguration;
			buildSettings = {
				ASSETCATALOG_COMPILER_APPICON_NAME = AppIcon;
				ASSETCATALOG_COMPILER_GLOBAL_ACCENT_COLOR_NAME = AccentColor;
				CODE_SIGN_STYLE = Automatic;
				COMBINE_HIDPI_IMAGES = YES;
				CURRENT_PROJECT_VERSION = 2;
				ENABLE_APP_SANDBOX = YES;
				ENABLE_HARDENED_RUNTIME = YES;
				GENERATE_INFOPLIST_FILE = YES;
				INFOPLIST_FILE = "Skill Hunter/Info.plist";
				INFOPLIST_KEY_CFBundleDisplayName = "Skill Hunter";
				INFOPLIST_KEY_NSHumanReadableCopyright = "";
				INFOPLIST_KEY_NSMainStoryboardFile = Main;
				INFOPLIST_KEY_NSPrincipalClass = NSApplication;
				LD_RUNPATH_SEARCH_PATHS = (
					"$(inherited)",
					"@executable_path/../Frameworks",
				);
				MARKETING_VERSION = 2.0.0;
				OTHER_LDFLAGS = (
					"-framework",
					SafariServices,
					"-framework",
					WebKit,
				);
				PRODUCT_BUNDLE_IDENTIFIER = dev.gongahkia.skillhunter;
				PRODUCT_NAME = "$(TARGET_NAME)";
				STRING_CATALOG_GENERATE_SYMBOLS = YES;
				SWIFT_APPROACHABLE_CONCURRENCY = YES;
				SWIFT_DEFAULT_ACTOR_ISOLATION = MainActor;
				SWIFT_EMIT_LOC_STRINGS = YES;
				SWIFT_UPCOMING_FEATURE_MEMBER_IMPORT_VISIBILITY = YES;
				SWIFT_VERSION = 5.0;
			};
			name = Release;
		};
/* End XCBuildConfiguration section */

/* Begin XCConfigurationList section */
		3C0DC9BB2F6D1E1D00CF55FD /* Build configuration list for PBXProject "Skill Hunter" */ = {
			isa = XCConfigurationList;
			buildConfigurations = (
				3C0DC9E32F6D1E1E00CF55FD /* Debug */,
				3C0DC9E42F6D1E1E00CF55FD /* Release */,
			);
			defaultConfigurationIsVisible = 0;
			defaultConfigurationName = Release;
		};
		3C0DC9E52F6D1E1E00CF55FD /* Build configuration list for PBXNativeTarget "Skill Hunter Extension" */ = {
			isa = XCConfigurationList;
			buildConfigurations = (
				3C0DC9E62F6D1E1E00CF55FD /* Debug */,
				3C0DC9E72F6D1E1E00CF55FD /* Release */,
			);
			defaultConfigurationIsVisible = 0;
			defaultConfigurationName = Release;
		};
		3C0DC9E92F6D1E1E00CF55FD /* Build configuration list for PBXNativeTarget "Skill Hunter" */ = {
			isa = XCConfigurationList;
			buildConfigurations = (
				3C0DC9EA2F6D1E1E00CF55FD /* Debug */,
				3C0DC9EB2F6D1E1E00CF55FD /* Release */,
			);
			defaultConfigurationIsVisible = 0;
			defaultConfigurationName = Release;
		};
/* End XCConfigurationList section */
	};
	rootObject = 3C0DC9B82F6D1E1D00CF55FD /* Project object */;
}
